
Microsoft Visual Studio Solution File, Format Version 12.00
# Visual Studio Version 16
VisualStudioVersion = 16.0.30114.105
MinimumVisualStudioVersion = 10.0.40219.1
Project("{FAE04EC0-301F-11D3-BF4B-00C04F79EFBC}") = "Product.Catalog.Api", "Product.Catalog.Api\Product.Catalog.Api.csproj", "{6F8052D5-1172-4F5A-9BEF-862286B2E96B}"
EndProject
Project("{FAE04EC0-301F-11D3-BF4B-00C04F79EFBC}") = "Product.Catalog.Application", "Product.Catalog.Application\Product.Catalog.Application.csproj", "{40E78622-CA11-4408-9305-BB9712B50BEA}"
EndProject
Project("{FAE04EC0-301F-11D3-BF4B-00C04F79EFBC}") = "Product.Catalog.Domain", "Product.Catalog.Domain\Product.Catalog.Domain.csproj", "{D2539532-0792-496B-922B-E2E13BCD81D3}"
EndProject
Project("{FAE04EC0-301F-11D3-BF4B-00C04F79EFBC}") = "Product.Catalog.Infrastructure", "Product.Catalog.Infrastructure\Product.Catalog.Infrastructure.csproj", "{35677517-33C5-404F-8901-409E56032E25}"
EndProject
Global
	GlobalSection(SolutionConfigurationPlatforms) = preSolution
		Debug|Any CPU = Debug|Any CPU
		Debug|x64 = Debug|x64
		Debug|x86 = Debug|x86
		Release|Any CPU = Release|Any CPU
		Release|x64 = Release|x64
		Release|x86 = Release|x86
	EndGlobalSection
	GlobalSection(SolutionProperties) = preSolution
		HideSolutionNode = FALSE
	EndGlobalSection
	GlobalSection(ProjectConfigurationPlatforms) = postSolution
		{6F8052D5-1172-4F5A-9BEF-862286B2E96B}.Debug|Any CPU.ActiveCfg = Debug|Any CPU
		{6F8052D5-1172-4F5A-9BEF-862286B2E96B}.Debug|Any CPU.Build.0 = Debug|Any CPU
		{6F8052D5-1172-4F5A-9BEF-862286B2E96B}.Debug|x64.ActiveCfg = Debug|Any CPU
		{6F8052D5-1172-4F5A-9BEF-862286B2E96B}.Debug|x64.Build.0 = Debug|Any CPU
		{6F8052D5-1172-4F5A-9BEF-862286B2E96B}.Debug|x86.ActiveCfg = Debug|Any CPU
		{6F8052D5-1172-4F5A-9BEF-862286B2E96B}.Debug|x86.Build.0 = Debug|Any CPU
		{6F8052D5-1172-4F5A-9BEF-862286B2E96B}.Release|Any CPU.ActiveCfg = Release|Any CPU
		{6F8052D5-1172-4F5A-9BEF-862286B2E96B}.Release|Any CPU.Build.0 = Release|Any CPU
		{6F8052D5-1172-4F5A-9BEF-862286B2E96B}.Release|x64.ActiveCfg = Release|Any CPU
		{6F8052D5-1172-4F5A-9BEF-862286B2E96B}.Release|x64.Build.0 = Release|Any CPU
		{6F8052D5-1172-4F5A-9BEF-862286B2E96B}.Release|x86.ActiveCfg = Release|Any CPU
		{6F8052D5-1172-4F5A-9BEF-862286B2E96B}.Release|x86.Build.0 = Release|Any CPU
		{40E78622-CA11-4408-9305-BB9712B50BEA}.Debug|Any CPU.ActiveCfg = Debug|Any CPU
		{40E78622-CA11-4408-9305-BB9712B50BEA}.Debug|Any CPU.Build.0 = Debug|Any CPU
		{40E78622-CA11-4408-9305-BB9712B50BEA}.Debug|x64.ActiveCfg = Debug|Any CPU
		{40E78622-CA11-4408-9305-BB9712B50BEA}.Debug|x64.Build.0 = Debug|Any CPU
		{40E78622-CA11-4408-9305-BB9712B50BEA}.Debug|x86.ActiveCfg = Debug|Any CPU
		{40E78622-CA11-4408-9305-BB9712B50BEA}.Debug|x86.Build.0 = Debug|Any CPU
		{40E78622-CA11-4408-9305-BB9712B50BEA}.Release|Any CPU.ActiveCfg = Release|Any CPU
		{40E78622-CA11-4408-9305-BB9712B50BEA}.Release|Any CPU.Build.0 = Release|Any CPU
		{40E78622-CA11-4408-9305-BB9712B50BEA}.Release|x64.ActiveCfg = Release|Any CPU
		{40E78622-CA11-4408-9305-BB9712B50BEA}.Release|x64.Build.0 = Release|Any CPU
		{40E78622-CA11-4408-9305-BB9712B50BEA}.Release|x86.ActiveCfg = Release|Any CPU
		{40E78622-CA11-4408-9305-BB9712B50BEA}.Release|x86.Build.0 = Release|Any CPU
		{D2539532-0792-496B-922B-E2E13BCD81D3}.Debug|Any CPU.ActiveCfg = Debug|Any CPU
		{D2539532-0792-496B-922B-E2E13BCD81D3}.Debug|Any CPU.Build.0 = Debug|Any CPU
		{D2539532-0792-496B-922B-E2E13BCD81D3}.Debug|x64.ActiveCfg = Debug|Any CPU
		{D2539532-0792-496B-922B-E2E13BCD81D3}.Debug|x64.Build.0 = Debug|Any CPU
		{D2539532-0792-496B-922B-E2E13BCD81D3}.Debug|x86.ActiveCfg = Debug|Any CPU
		{D2539532-0792-496B-922B-E2E13BCD81D3}.Debug|x86.Build.0 = Debug|Any CPU
		{D2539532-0792-496B-922B-E2E13BCD81D3}.Release|Any CPU.ActiveCfg = Release|Any CPU
		{D2539532-0792-496B-922B-E2E13BCD81D3}.Release|Any CPU.Build.0 = Release|Any CPU
		{D2539532-0792-496B-922B-E2E13BCD81D3}.Release|x64.ActiveCfg = Release|Any CPU
		{D2539532-0792-496B-922B-E2E13BCD81D3}.Release|x64.Build.0 = Release|Any CPU
		{D2539532-0792-496B-922B-E2E13BCD81D3}.Release|x86.ActiveCfg = Release|Any CPU
		{D2539532-0792-496B-922B-E2E13BCD81D3}.Release|x86.Build.0 = Release|Any CPU
		{35677517-33C5-404F-8901-409E56032E25}.Debug|Any CPU.ActiveCfg = Debug|Any CPU
		{35677517-33C5-404F-8901-409E56032E25}.Debug|Any CPU.Build.0 = Debug|Any CPU
		{35677517-33C5-404F-8901-409E56032E25}.Debug|x64.ActiveCfg = Debug|Any CPU
		{35677517-33C5-404F-8901-409E56032E25}.Debug|x64.Build.0 = Debug|Any CPU
		{35677517-33C5-404F-8901-409E56032E25}.Debug|x86.ActiveCfg = Debug|Any CPU
		{35677517-33C5-404F-8901-409E56032E25}.Debug|x86.Build.0 = Debug|Any CPU
		{35677517-33C5-404F-8901-409E56032E25}.Release|Any CPU.ActiveCfg = Release|Any CPU
		{35677517-33C5-404F-8901-409E56032E25}.Release|Any CPU.Build.0 = Release|Any CPU
		{35677517-33C5-404F-8901-409E56032E25}.Release|x64.ActiveCfg = Release|Any CPU
		{35677517-33C5-404F-8901-409E56032E25}.Release|x64.Build.0 = Release|Any CPU
		{35677517-33C5-404F-8901-409E56032E25}.Release|x86.ActiveCfg = Release|Any CPU
		{35677517-33C5-404F-8901-409E56032E25}.Release|x86.Build.0 = Release|Any CPU
	EndGlobalSection
EndGlobal
